
Microsoft Visual Studio Solution File, Format Version 12.00
# Visual Studio 2012
Project("{FAE04EC0-301F-11D3-BF4B-00C04F79EFBC}") = "UnityDurableTaskFramework", "UnityDurableTaskFramework\UnityDurableTaskFramework.csproj", "{C712250A-E5B4-40CF-B01F-C5C82FB72048}"
EndProject
Project("{FAE04EC0-301F-11D3-BF4B-00C04F79EFBC}") = "DurableTaskTestFramework", "DurableTaskTestFramework\DurableTaskTestFramework.csproj", "{A260354D-06CB-43ED-8397-DADCA18C398C}"
EndProject
Project("{2150E333-8FDC-42A3-9474-1A3956D46DE8}") = "Tests", "Tests", "{68866647-6BD3-48B6-B104-879697578D0A}"
EndProject
Project("{FAE04EC0-301F-11D3-BF4B-00C04F79EFBC}") = "UnityDurableTaskFrameworkTests", "UnityDurableTaskFrameworkTests\UnityDurableTaskFrameworkTests.csproj", "{025AA9A0-865D-4F2A-A485-7F6C4D9EEB9C}"
EndProject
Global
	GlobalSection(SolutionConfigurationPlatforms) = preSolution
		Debug|Any CPU = Debug|Any CPU
		Release|Any CPU = Release|Any CPU
	EndGlobalSection
	GlobalSection(ProjectConfigurationPlatforms) = postSolution
		{C712250A-E5B4-40CF-B01F-C5C82FB72048}.Debug|Any CPU.ActiveCfg = Debug|Any CPU
		{C712250A-E5B4-40CF-B01F-C5C82FB72048}.Debug|Any CPU.Build.0 = Debug|Any CPU
		{C712250A-E5B4-40CF-B01F-C5C82FB72048}.Release|Any CPU.ActiveCfg = Release|Any CPU
		{C712250A-E5B4-40CF-B01F-C5C82FB72048}.Release|Any CPU.Build.0 = Release|Any CPU
		{A260354D-06CB-43ED-8397-DADCA18C398C}.Debug|Any CPU.ActiveCfg = Debug|Any CPU
		{A260354D-06CB-43ED-8397-DADCA18C398C}.Debug|Any CPU.Build.0 = Debug|Any CPU
		{A260354D-06CB-43ED-8397-DADCA18C398C}.Release|Any CPU.ActiveCfg = Release|Any CPU
		{A260354D-06CB-43ED-8397-DADCA18C398C}.Release|Any CPU.Build.0 = Release|Any CPU
		{025AA9A0-865D-4F2A-A485-7F6C4D9EEB9C}.Debug|Any CPU.ActiveCfg = Debug|Any CPU
		{025AA9A0-865D-4F2A-A485-7F6C4D9EEB9C}.Debug|Any CPU.Build.0 = Debug|Any CPU
		{025AA9A0-865D-4F2A-A485-7F6C4D9EEB9C}.Release|Any CPU.ActiveCfg = Release|Any CPU
		{025AA9A0-865D-4F2A-A485-7F6C4D9EEB9C}.Release|Any CPU.Build.0 = Release|Any CPU
	EndGlobalSection
	GlobalSection(SolutionProperties) = preSolution
		HideSolutionNode = FALSE
	EndGlobalSection
	GlobalSection(NestedProjects) = preSolution
		{A260354D-06CB-43ED-8397-DADCA18C398C} = {68866647-6BD3-48B6-B104-879697578D0A}
		{025AA9A0-865D-4F2A-A485-7F6C4D9EEB9C} = {68866647-6BD3-48B6-B104-879697578D0A}
	EndGlobalSection
EndGlobal
